<?xml version="1.0" encoding="utf-8"?>
<Project ToolsVersion="17.0" xmlns="http://schemas.microsoft.com/developer/msbuild/2003">
  <ItemGroup>
    <CustomBuild Include="E:\Desktop\overlay\build-antialias\CMakeFiles\8b3c9a1ca78c811786339848ba69f6ef\INSTALL_force.rule">
      <Filter>CMake Rules</Filter>
    </CustomBuild>
  </ItemGroup>
  <ItemGroup>
    <Filter Include="CMake Rules">
      <UniqueIdentifier>{97F1F4DE-4221-335B-BE3A-EE1EF9420E42}</UniqueIdentifier>
    </Filter>
  </ItemGroup>
</Project>
