
Microsoft Visual Studio Solution File, Format Version 12.00
# Visual Studio Version 17
Project("{8BC9CEB8-8B4A-11D0-8D11-00A0C91BC942}") = "ALL_BUILD", "ALL_BUILD.vcxproj", "{692F655A-76B1-3C3D-87AB-FFAA66F0BE87}"
	ProjectSection(ProjectDependencies) = postProject
		{044B7EB4-76AC-37EC-A572-AB43A225401E} = {044B7EB4-76AC-37EC-A572-AB43A225401E}
		{8CA05026-1263-3EF7-BC78-CC35DCC06300} = {8CA05026-1263-3EF7-BC78-CC35DCC06300}
		{61C4DF27-031F-3FB1-9E3F-9C2DA9FEEFC9} = {61C4DF27-031F-3FB1-9E3F-9C2DA9FEEFC9}
		{D04BCBCF-910C-34A3-895D-91B35576F0C9} = {D04BCBCF-910C-34A3-895D-91B35576F0C9}
	EndProjectSection
EndProject
Project("{8BC9CEB8-8B4A-11D0-8D11-00A0C91BC942}") = "GameOverlayManager", "GameOverlayManager.vcxproj", "{044B7EB4-76AC-37EC-A572-AB43A225401E}"
	ProjectSection(ProjectDependencies) = postProject
		{D04BCBCF-910C-34A3-895D-91B35576F0C9} = {D04BCBCF-910C-34A3-895D-91B35576F0C9}
	EndProjectSection
EndProject
Project("{8BC9CEB8-8B4A-11D0-8D11-00A0C91BC942}") = "INSTALL", "INSTALL.vcxproj", "{0CC4D5A4-0ABC-32C7-AB31-C2CEEAA7865B}"
	ProjectSection(ProjectDependencies) = postProject
		{692F655A-76B1-3C3D-87AB-FFAA66F0BE87} = {692F655A-76B1-3C3D-87AB-FFAA66F0BE87}
		{D04BCBCF-910C-34A3-895D-91B35576F0C9} = {D04BCBCF-910C-34A3-895D-91B35576F0C9}
	EndProjectSection
EndProject
Project("{8BC9CEB8-8B4A-11D0-8D11-00A0C91BC942}") = "Overlay", "Overlay.vcxproj", "{8CA05026-1263-3EF7-BC78-CC35DCC06300}"
	ProjectSection(ProjectDependencies) = postProject
		{D04BCBCF-910C-34A3-895D-91B35576F0C9} = {D04BCBCF-910C-34A3-895D-91B35576F0C9}
	EndProjectSection
EndProject
Project("{8BC9CEB8-8B4A-11D0-8D11-00A0C91BC942}") = "OverlayInputHook", "OverlayInputHook.vcxproj", "{61C4DF27-031F-3FB1-9E3F-9C2DA9FEEFC9}"
	ProjectSection(ProjectDependencies) = postProject
		{D04BCBCF-910C-34A3-895D-91B35576F0C9} = {D04BCBCF-910C-34A3-895D-91B35576F0C9}
		{4C9BD611-B133-3E6A-AD0D-264FE8C65880} = {4C9BD611-B133-3E6A-AD0D-264FE8C65880}
	EndProjectSection
EndProject
Project("{8BC9CEB8-8B4A-11D0-8D11-00A0C91BC942}") = "ZERO_CHECK", "ZERO_CHECK.vcxproj", "{D04BCBCF-910C-34A3-895D-91B35576F0C9}"
	ProjectSection(ProjectDependencies) = postProject
	EndProjectSection
EndProject
Project("{8BC9CEB8-8B4A-11D0-8D11-00A0C91BC942}") = "minhook", "third_party\minhook\minhook.vcxproj", "{4C9BD611-B133-3E6A-AD0D-264FE8C65880}"
	ProjectSection(ProjectDependencies) = postProject
		{D04BCBCF-910C-34A3-895D-91B35576F0C9} = {D04BCBCF-910C-34A3-895D-91B35576F0C9}
	EndProjectSection
EndProject
Global
	GlobalSection(SolutionConfigurationPlatforms) = preSolution
		Debug|x64 = Debug|x64
		Release|x64 = Release|x64
		MinSizeRel|x64 = MinSizeRel|x64
		RelWithDebInfo|x64 = RelWithDebInfo|x64
	EndGlobalSection
	GlobalSection(ProjectConfigurationPlatforms) = postSolution
		{692F655A-76B1-3C3D-87AB-FFAA66F0BE87}.Debug|x64.ActiveCfg = Debug|x64
		{692F655A-76B1-3C3D-87AB-FFAA66F0BE87}.Debug|x64.Build.0 = Debug|x64
		{692F655A-76B1-3C3D-87AB-FFAA66F0BE87}.Release|x64.ActiveCfg = Release|x64
		{692F655A-76B1-3C3D-87AB-FFAA66F0BE87}.Release|x64.Build.0 = Release|x64
		{692F655A-76B1-3C3D-87AB-FFAA66F0BE87}.MinSizeRel|x64.ActiveCfg = MinSizeRel|x64
		{692F655A-76B1-3C3D-87AB-FFAA66F0BE87}.MinSizeRel|x64.Build.0 = MinSizeRel|x64
		{692F655A-76B1-3C3D-87AB-FFAA66F0BE87}.RelWithDebInfo|x64.ActiveCfg = RelWithDebInfo|x64
		{692F655A-76B1-3C3D-87AB-FFAA66F0BE87}.RelWithDebInfo|x64.Build.0 = RelWithDebInfo|x64
		{044B7EB4-76AC-37EC-A572-AB43A225401E}.Debug|x64.ActiveCfg = Debug|x64
		{044B7EB4-76AC-37EC-A572-AB43A225401E}.Debug|x64.Build.0 = Debug|x64
		{044B7EB4-76AC-37EC-A572-AB43A225401E}.Release|x64.ActiveCfg = Release|x64
		{044B7EB4-76AC-37EC-A572-AB43A225401E}.Release|x64.Build.0 = Release|x64
		{044B7EB4-76AC-37EC-A572-AB43A225401E}.MinSizeRel|x64.ActiveCfg = MinSizeRel|x64
		{044B7EB4-76AC-37EC-A572-AB43A225401E}.MinSizeRel|x64.Build.0 = MinSizeRel|x64
		{044B7EB4-76AC-37EC-A572-AB43A225401E}.RelWithDebInfo|x64.ActiveCfg = RelWithDebInfo|x64
		{044B7EB4-76AC-37EC-A572-AB43A225401E}.RelWithDebInfo|x64.Build.0 = RelWithDebInfo|x64
		{0CC4D5A4-0ABC-32C7-AB31-C2CEEAA7865B}.Debug|x64.ActiveCfg = Debug|x64
		{0CC4D5A4-0ABC-32C7-AB31-C2CEEAA7865B}.Release|x64.ActiveCfg = Release|x64
		{0CC4D5A4-0ABC-32C7-AB31-C2CEEAA7865B}.MinSizeRel|x64.ActiveCfg = MinSizeRel|x64
		{0CC4D5A4-0ABC-32C7-AB31-C2CEEAA7865B}.RelWithDebInfo|x64.ActiveCfg = RelWithDebInfo|x64
		{8CA05026-1263-3EF7-BC78-CC35DCC06300}.Debug|x64.ActiveCfg = Debug|x64
		{8CA05026-1263-3EF7-BC78-CC35DCC06300}.Debug|x64.Build.0 = Debug|x64
		{8CA05026-1263-3EF7-BC78-CC35DCC06300}.Release|x64.ActiveCfg = Release|x64
		{8CA05026-1263-3EF7-BC78-CC35DCC06300}.Release|x64.Build.0 = Release|x64
		{8CA05026-1263-3EF7-BC78-CC35DCC06300}.MinSizeRel|x64.ActiveCfg = MinSizeRel|x64
		{8CA05026-1263-3EF7-BC78-CC35DCC06300}.MinSizeRel|x64.Build.0 = MinSizeRel|x64
		{8CA05026-1263-3EF7-BC78-CC35DCC06300}.RelWithDebInfo|x64.ActiveCfg = RelWithDebInfo|x64
		{8CA05026-1263-3EF7-BC78-CC35DCC06300}.RelWithDebInfo|x64.Build.0 = RelWithDebInfo|x64
		{61C4DF27-031F-3FB1-9E3F-9C2DA9FEEFC9}.Debug|x64.ActiveCfg = Debug|x64
		{61C4DF27-031F-3FB1-9E3F-9C2DA9FEEFC9}.Debug|x64.Build.0 = Debug|x64
		{61C4DF27-031F-3FB1-9E3F-9C2DA9FEEFC9}.Release|x64.ActiveCfg = Release|x64
		{61C4DF27-031F-3FB1-9E3F-9C2DA9FEEFC9}.Release|x64.Build.0 = Release|x64
		{61C4DF27-031F-3FB1-9E3F-9C2DA9FEEFC9}.MinSizeRel|x64.ActiveCfg = MinSizeRel|x64
		{61C4DF27-031F-3FB1-9E3F-9C2DA9FEEFC9}.MinSizeRel|x64.Build.0 = MinSizeRel|x64
		{61C4DF27-031F-3FB1-9E3F-9C2DA9FEEFC9}.RelWithDebInfo|x64.ActiveCfg = RelWithDebInfo|x64
		{61C4DF27-031F-3FB1-9E3F-9C2DA9FEEFC9}.RelWithDebInfo|x64.Build.0 = RelWithDebInfo|x64
		{D04BCBCF-910C-34A3-895D-91B35576F0C9}.Debug|x64.ActiveCfg = Debug|x64
		{D04BCBCF-910C-34A3-895D-91B35576F0C9}.Debug|x64.Build.0 = Debug|x64
		{D04BCBCF-910C-34A3-895D-91B35576F0C9}.Release|x64.ActiveCfg = Release|x64
		{D04BCBCF-910C-34A3-895D-91B35576F0C9}.Release|x64.Build.0 = Release|x64
		{D04BCBCF-910C-34A3-895D-91B35576F0C9}.MinSizeRel|x64.ActiveCfg = MinSizeRel|x64
		{D04BCBCF-910C-34A3-895D-91B35576F0C9}.MinSizeRel|x64.Build.0 = MinSizeRel|x64
		{D04BCBCF-910C-34A3-895D-91B35576F0C9}.RelWithDebInfo|x64.ActiveCfg = RelWithDebInfo|x64
		{D04BCBCF-910C-34A3-895D-91B35576F0C9}.RelWithDebInfo|x64.Build.0 = RelWithDebInfo|x64
		{4C9BD611-B133-3E6A-AD0D-264FE8C65880}.Debug|x64.ActiveCfg = Debug|x64
		{4C9BD611-B133-3E6A-AD0D-264FE8C65880}.Debug|x64.Build.0 = Debug|x64
		{4C9BD611-B133-3E6A-AD0D-264FE8C65880}.Release|x64.ActiveCfg = Release|x64
		{4C9BD611-B133-3E6A-AD0D-264FE8C65880}.Release|x64.Build.0 = Release|x64
		{4C9BD611-B133-3E6A-AD0D-264FE8C65880}.MinSizeRel|x64.ActiveCfg = MinSizeRel|x64
		{4C9BD611-B133-3E6A-AD0D-264FE8C65880}.MinSizeRel|x64.Build.0 = MinSizeRel|x64
		{4C9BD611-B133-3E6A-AD0D-264FE8C65880}.RelWithDebInfo|x64.ActiveCfg = RelWithDebInfo|x64
		{4C9BD611-B133-3E6A-AD0D-264FE8C65880}.RelWithDebInfo|x64.Build.0 = RelWithDebInfo|x64
	EndGlobalSection
	GlobalSection(ExtensibilityGlobals) = postSolution
		SolutionGuid = {E3D1A949-09F4-3067-BDD1-9AC2A7BAEA64}
	EndGlobalSection
	GlobalSection(ExtensibilityAddIns) = postSolution
	EndGlobalSection
EndGlobal
