
Microsoft Visual Studio Solution File, Format Version 12.00
# Visual Studio Version 17
Project("{8BC9CEB8-8B4A-11D0-8D11-00A0C91BC942}") = "ALL_BUILD", "ALL_BUILD.vcxproj", "{B2179EFA-597A-32B1-B77C-8C32B7DB5019}"
	ProjectSection(ProjectDependencies) = postProject
		{4F0CE57D-EAC9-3C3E-89DC-74A9163A12B2} = {4F0CE57D-EAC9-3C3E-89DC-74A9163A12B2}
		{3FAEC498-876F-3464-BBC4-BA6CE435F3A7} = {3FAEC498-876F-3464-BBC4-BA6CE435F3A7}
		{5B99DF98-6B6D-31BF-B809-80410F2B8B03} = {5B99DF98-6B6D-31BF-B809-80410F2B8B03}
		{AFEE9142-292E-3BB5-9E96-C4EF1C33865A} = {AFEE9142-292E-3BB5-9E96-C4EF1C33865A}
	EndProjectSection
EndProject
Project("{8BC9CEB8-8B4A-11D0-8D11-00A0C91BC942}") = "GameOverlayManager", "GameOverlayManager.vcxproj", "{4F0CE57D-EAC9-3C3E-89DC-74A9163A12B2}"
	ProjectSection(ProjectDependencies) = postProject
		{AFEE9142-292E-3BB5-9E96-C4EF1C33865A} = {AFEE9142-292E-3BB5-9E96-C4EF1C33865A}
	EndProjectSection
EndProject
Project("{8BC9CEB8-8B4A-11D0-8D11-00A0C91BC942}") = "INSTALL", "INSTALL.vcxproj", "{EEEAC537-CBDB-3E1B-833A-0047CB8371A4}"
	ProjectSection(ProjectDependencies) = postProject
		{B2179EFA-597A-32B1-B77C-8C32B7DB5019} = {B2179EFA-597A-32B1-B77C-8C32B7DB5019}
		{AFEE9142-292E-3BB5-9E96-C4EF1C33865A} = {AFEE9142-292E-3BB5-9E96-C4EF1C33865A}
	EndProjectSection
EndProject
Project("{8BC9CEB8-8B4A-11D0-8D11-00A0C91BC942}") = "Overlay", "Overlay.vcxproj", "{3FAEC498-876F-3464-BBC4-BA6CE435F3A7}"
	ProjectSection(ProjectDependencies) = postProject
		{AFEE9142-292E-3BB5-9E96-C4EF1C33865A} = {AFEE9142-292E-3BB5-9E96-C4EF1C33865A}
	EndProjectSection
EndProject
Project("{8BC9CEB8-8B4A-11D0-8D11-00A0C91BC942}") = "OverlayInputHook", "OverlayInputHook.vcxproj", "{5B99DF98-6B6D-31BF-B809-80410F2B8B03}"
	ProjectSection(ProjectDependencies) = postProject
		{AFEE9142-292E-3BB5-9E96-C4EF1C33865A} = {AFEE9142-292E-3BB5-9E96-C4EF1C33865A}
		{5A14FF30-A762-3CE9-A993-201003BDCFD1} = {5A14FF30-A762-3CE9-A993-201003BDCFD1}
	EndProjectSection
EndProject
Project("{8BC9CEB8-8B4A-11D0-8D11-00A0C91BC942}") = "ZERO_CHECK", "ZERO_CHECK.vcxproj", "{AFEE9142-292E-3BB5-9E96-C4EF1C33865A}"
	ProjectSection(ProjectDependencies) = postProject
	EndProjectSection
EndProject
Project("{8BC9CEB8-8B4A-11D0-8D11-00A0C91BC942}") = "minhook", "third_party\minhook\minhook.vcxproj", "{5A14FF30-A762-3CE9-A993-201003BDCFD1}"
	ProjectSection(ProjectDependencies) = postProject
		{AFEE9142-292E-3BB5-9E96-C4EF1C33865A} = {AFEE9142-292E-3BB5-9E96-C4EF1C33865A}
	EndProjectSection
EndProject
Global
	GlobalSection(SolutionConfigurationPlatforms) = preSolution
		Debug|x64 = Debug|x64
		Release|x64 = Release|x64
		MinSizeRel|x64 = MinSizeRel|x64
		RelWithDebInfo|x64 = RelWithDebInfo|x64
	EndGlobalSection
	GlobalSection(ProjectConfigurationPlatforms) = postSolution
		{B2179EFA-597A-32B1-B77C-8C32B7DB5019}.Debug|x64.ActiveCfg = Debug|x64
		{B2179EFA-597A-32B1-B77C-8C32B7DB5019}.Debug|x64.Build.0 = Debug|x64
		{B2179EFA-597A-32B1-B77C-8C32B7DB5019}.Release|x64.ActiveCfg = Release|x64
		{B2179EFA-597A-32B1-B77C-8C32B7DB5019}.Release|x64.Build.0 = Release|x64
		{B2179EFA-597A-32B1-B77C-8C32B7DB5019}.MinSizeRel|x64.ActiveCfg = MinSizeRel|x64
		{B2179EFA-597A-32B1-B77C-8C32B7DB5019}.MinSizeRel|x64.Build.0 = MinSizeRel|x64
		{B2179EFA-597A-32B1-B77C-8C32B7DB5019}.RelWithDebInfo|x64.ActiveCfg = RelWithDebInfo|x64
		{B2179EFA-597A-32B1-B77C-8C32B7DB5019}.RelWithDebInfo|x64.Build.0 = RelWithDebInfo|x64
		{4F0CE57D-EAC9-3C3E-89DC-74A9163A12B2}.Debug|x64.ActiveCfg = Debug|x64
		{4F0CE57D-EAC9-3C3E-89DC-74A9163A12B2}.Debug|x64.Build.0 = Debug|x64
		{4F0CE57D-EAC9-3C3E-89DC-74A9163A12B2}.Release|x64.ActiveCfg = Release|x64
		{4F0CE57D-EAC9-3C3E-89DC-74A9163A12B2}.Release|x64.Build.0 = Release|x64
		{4F0CE57D-EAC9-3C3E-89DC-74A9163A12B2}.MinSizeRel|x64.ActiveCfg = MinSizeRel|x64
		{4F0CE57D-EAC9-3C3E-89DC-74A9163A12B2}.MinSizeRel|x64.Build.0 = MinSizeRel|x64
		{4F0CE57D-EAC9-3C3E-89DC-74A9163A12B2}.RelWithDebInfo|x64.ActiveCfg = RelWithDebInfo|x64
		{4F0CE57D-EAC9-3C3E-89DC-74A9163A12B2}.RelWithDebInfo|x64.Build.0 = RelWithDebInfo|x64
		{EEEAC537-CBDB-3E1B-833A-0047CB8371A4}.Debug|x64.ActiveCfg = Debug|x64
		{EEEAC537-CBDB-3E1B-833A-0047CB8371A4}.Release|x64.ActiveCfg = Release|x64
		{EEEAC537-CBDB-3E1B-833A-0047CB8371A4}.MinSizeRel|x64.ActiveCfg = MinSizeRel|x64
		{EEEAC537-CBDB-3E1B-833A-0047CB8371A4}.RelWithDebInfo|x64.ActiveCfg = RelWithDebInfo|x64
		{3FAEC498-876F-3464-BBC4-BA6CE435F3A7}.Debug|x64.ActiveCfg = Debug|x64
		{3FAEC498-876F-3464-BBC4-BA6CE435F3A7}.Debug|x64.Build.0 = Debug|x64
		{3FAEC498-876F-3464-BBC4-BA6CE435F3A7}.Release|x64.ActiveCfg = Release|x64
		{3FAEC498-876F-3464-BBC4-BA6CE435F3A7}.Release|x64.Build.0 = Release|x64
		{3FAEC498-876F-3464-BBC4-BA6CE435F3A7}.MinSizeRel|x64.ActiveCfg = MinSizeRel|x64
		{3FAEC498-876F-3464-BBC4-BA6CE435F3A7}.MinSizeRel|x64.Build.0 = MinSizeRel|x64
		{3FAEC498-876F-3464-BBC4-BA6CE435F3A7}.RelWithDebInfo|x64.ActiveCfg = RelWithDebInfo|x64
		{3FAEC498-876F-3464-BBC4-BA6CE435F3A7}.RelWithDebInfo|x64.Build.0 = RelWithDebInfo|x64
		{5B99DF98-6B6D-31BF-B809-80410F2B8B03}.Debug|x64.ActiveCfg = Debug|x64
		{5B99DF98-6B6D-31BF-B809-80410F2B8B03}.Debug|x64.Build.0 = Debug|x64
		{5B99DF98-6B6D-31BF-B809-80410F2B8B03}.Release|x64.ActiveCfg = Release|x64
		{5B99DF98-6B6D-31BF-B809-80410F2B8B03}.Release|x64.Build.0 = Release|x64
		{5B99DF98-6B6D-31BF-B809-80410F2B8B03}.MinSizeRel|x64.ActiveCfg = MinSizeRel|x64
		{5B99DF98-6B6D-31BF-B809-80410F2B8B03}.MinSizeRel|x64.Build.0 = MinSizeRel|x64
		{5B99DF98-6B6D-31BF-B809-80410F2B8B03}.RelWithDebInfo|x64.ActiveCfg = RelWithDebInfo|x64
		{5B99DF98-6B6D-31BF-B809-80410F2B8B03}.RelWithDebInfo|x64.Build.0 = RelWithDebInfo|x64
		{AFEE9142-292E-3BB5-9E96-C4EF1C33865A}.Debug|x64.ActiveCfg = Debug|x64
		{AFEE9142-292E-3BB5-9E96-C4EF1C33865A}.Debug|x64.Build.0 = Debug|x64
		{AFEE9142-292E-3BB5-9E96-C4EF1C33865A}.Release|x64.ActiveCfg = Release|x64
		{AFEE9142-292E-3BB5-9E96-C4EF1C33865A}.Release|x64.Build.0 = Release|x64
		{AFEE9142-292E-3BB5-9E96-C4EF1C33865A}.MinSizeRel|x64.ActiveCfg = MinSizeRel|x64
		{AFEE9142-292E-3BB5-9E96-C4EF1C33865A}.MinSizeRel|x64.Build.0 = MinSizeRel|x64
		{AFEE9142-292E-3BB5-9E96-C4EF1C33865A}.RelWithDebInfo|x64.ActiveCfg = RelWithDebInfo|x64
		{AFEE9142-292E-3BB5-9E96-C4EF1C33865A}.RelWithDebInfo|x64.Build.0 = RelWithDebInfo|x64
		{5A14FF30-A762-3CE9-A993-201003BDCFD1}.Debug|x64.ActiveCfg = Debug|x64
		{5A14FF30-A762-3CE9-A993-201003BDCFD1}.Debug|x64.Build.0 = Debug|x64
		{5A14FF30-A762-3CE9-A993-201003BDCFD1}.Release|x64.ActiveCfg = Release|x64
		{5A14FF30-A762-3CE9-A993-201003BDCFD1}.Release|x64.Build.0 = Release|x64
		{5A14FF30-A762-3CE9-A993-201003BDCFD1}.MinSizeRel|x64.ActiveCfg = MinSizeRel|x64
		{5A14FF30-A762-3CE9-A993-201003BDCFD1}.MinSizeRel|x64.Build.0 = MinSizeRel|x64
		{5A14FF30-A762-3CE9-A993-201003BDCFD1}.RelWithDebInfo|x64.ActiveCfg = RelWithDebInfo|x64
		{5A14FF30-A762-3CE9-A993-201003BDCFD1}.RelWithDebInfo|x64.Build.0 = RelWithDebInfo|x64
	EndGlobalSection
	GlobalSection(ExtensibilityGlobals) = postSolution
		SolutionGuid = {F8D22AEE-49E3-36BD-AB6B-544D8BA072DF}
	EndGlobalSection
	GlobalSection(ExtensibilityAddIns) = postSolution
	EndGlobalSection
EndGlobal
