<?xml version="1.0" encoding="utf-8"?>
<Project ToolsVersion="17.0" xmlns="http://schemas.microsoft.com/developer/msbuild/2003">
  <ItemGroup>
    <CustomBuild Include="E:\Desktop\overlay\build-fluid\CMakeFiles\a1ca177dd32911fb5f203179b9f03c0b\generate.stamp.rule">
      <Filter>CMake Rules</Filter>
    </CustomBuild>
  </ItemGroup>
  <ItemGroup>
    <Filter Include="CMake Rules">
      <UniqueIdentifier>{F7882BEB-0276-3B1B-9E73-0FD42F4F8928}</UniqueIdentifier>
    </Filter>
  </ItemGroup>
</Project>
