
Microsoft Visual Studio Solution File, Format Version 12.00
# Visual Studio Version 17
Project("{8BC9CEB8-8B4A-11D0-8D11-00A0C91BC942}") = "ALL_BUILD", "ALL_BUILD.vcxproj", "{C5CBA1C2-A365-335A-8565-0ADD9B3745E4}"
	ProjectSection(ProjectDependencies) = postProject
		{50921F2E-1DD7-33F0-81B2-7910BD5B41FF} = {50921F2E-1DD7-33F0-81B2-7910BD5B41FF}
		{E7FC5450-7347-34FC-B129-B11873B8367E} = {E7FC5450-7347-34FC-B129-B11873B8367E}
		{88502245-6A39-3B62-84E7-3C5AC77063AA} = {88502245-6A39-3B62-84E7-3C5AC77063AA}
	EndProjectSection
EndProject
Project("{8BC9CEB8-8B4A-11D0-8D11-00A0C91BC942}") = "GameOverlayInjector32", "GameOverlayInjector32.vcxproj", "{50921F2E-1DD7-33F0-81B2-7910BD5B41FF}"
	ProjectSection(ProjectDependencies) = postProject
		{88502245-6A39-3B62-84E7-3C5AC77063AA} = {88502245-6A39-3B62-84E7-3C5AC77063AA}
	EndProjectSection
EndProject
Project("{8BC9CEB8-8B4A-11D0-8D11-00A0C91BC942}") = "INSTALL", "INSTALL.vcxproj", "{A89E23C9-9A2B-3D08-A289-446127A4E26B}"
	ProjectSection(ProjectDependencies) = postProject
		{C5CBA1C2-A365-335A-8565-0ADD9B3745E4} = {C5CBA1C2-A365-335A-8565-0ADD9B3745E4}
		{88502245-6A39-3B62-84E7-3C5AC77063AA} = {88502245-6A39-3B62-84E7-3C5AC77063AA}
	EndProjectSection
EndProject
Project("{8BC9CEB8-8B4A-11D0-8D11-00A0C91BC942}") = "OverlayInputHook", "OverlayInputHook.vcxproj", "{E7FC5450-7347-34FC-B129-B11873B8367E}"
	ProjectSection(ProjectDependencies) = postProject
		{88502245-6A39-3B62-84E7-3C5AC77063AA} = {88502245-6A39-3B62-84E7-3C5AC77063AA}
		{CA43C11C-C6EC-367E-9789-557F04F6209B} = {CA43C11C-C6EC-367E-9789-557F04F6209B}
	EndProjectSection
EndProject
Project("{8BC9CEB8-8B4A-11D0-8D11-00A0C91BC942}") = "ZERO_CHECK", "ZERO_CHECK.vcxproj", "{88502245-6A39-3B62-84E7-3C5AC77063AA}"
	ProjectSection(ProjectDependencies) = postProject
	EndProjectSection
EndProject
Project("{8BC9CEB8-8B4A-11D0-8D11-00A0C91BC942}") = "minhook", "third_party\minhook\minhook.vcxproj", "{CA43C11C-C6EC-367E-9789-557F04F6209B}"
	ProjectSection(ProjectDependencies) = postProject
		{88502245-6A39-3B62-84E7-3C5AC77063AA} = {88502245-6A39-3B62-84E7-3C5AC77063AA}
	EndProjectSection
EndProject
Global
	GlobalSection(SolutionConfigurationPlatforms) = preSolution
		Debug|Win32 = Debug|Win32
		Release|Win32 = Release|Win32
		MinSizeRel|Win32 = MinSizeRel|Win32
		RelWithDebInfo|Win32 = RelWithDebInfo|Win32
	EndGlobalSection
	GlobalSection(ProjectConfigurationPlatforms) = postSolution
		{C5CBA1C2-A365-335A-8565-0ADD9B3745E4}.Debug|Win32.ActiveCfg = Debug|Win32
		{C5CBA1C2-A365-335A-8565-0ADD9B3745E4}.Debug|Win32.Build.0 = Debug|Win32
		{C5CBA1C2-A365-335A-8565-0ADD9B3745E4}.Release|Win32.ActiveCfg = Release|Win32
		{C5CBA1C2-A365-335A-8565-0ADD9B3745E4}.Release|Win32.Build.0 = Release|Win32
		{C5CBA1C2-A365-335A-8565-0ADD9B3745E4}.MinSizeRel|Win32.ActiveCfg = MinSizeRel|Win32
		{C5CBA1C2-A365-335A-8565-0ADD9B3745E4}.MinSizeRel|Win32.Build.0 = MinSizeRel|Win32
		{C5CBA1C2-A365-335A-8565-0ADD9B3745E4}.RelWithDebInfo|Win32.ActiveCfg = RelWithDebInfo|Win32
		{C5CBA1C2-A365-335A-8565-0ADD9B3745E4}.RelWithDebInfo|Win32.Build.0 = RelWithDebInfo|Win32
		{50921F2E-1DD7-33F0-81B2-7910BD5B41FF}.Debug|Win32.ActiveCfg = Debug|Win32
		{50921F2E-1DD7-33F0-81B2-7910BD5B41FF}.Debug|Win32.Build.0 = Debug|Win32
		{50921F2E-1DD7-33F0-81B2-7910BD5B41FF}.Release|Win32.ActiveCfg = Release|Win32
		{50921F2E-1DD7-33F0-81B2-7910BD5B41FF}.Release|Win32.Build.0 = Release|Win32
		{50921F2E-1DD7-33F0-81B2-7910BD5B41FF}.MinSizeRel|Win32.ActiveCfg = MinSizeRel|Win32
		{50921F2E-1DD7-33F0-81B2-7910BD5B41FF}.MinSizeRel|Win32.Build.0 = MinSizeRel|Win32
		{50921F2E-1DD7-33F0-81B2-7910BD5B41FF}.RelWithDebInfo|Win32.ActiveCfg = RelWithDebInfo|Win32
		{50921F2E-1DD7-33F0-81B2-7910BD5B41FF}.RelWithDebInfo|Win32.Build.0 = RelWithDebInfo|Win32
		{A89E23C9-9A2B-3D08-A289-446127A4E26B}.Debug|Win32.ActiveCfg = Debug|Win32
		{A89E23C9-9A2B-3D08-A289-446127A4E26B}.Release|Win32.ActiveCfg = Release|Win32
		{A89E23C9-9A2B-3D08-A289-446127A4E26B}.MinSizeRel|Win32.ActiveCfg = MinSizeRel|Win32
		{A89E23C9-9A2B-3D08-A289-446127A4E26B}.RelWithDebInfo|Win32.ActiveCfg = RelWithDebInfo|Win32
		{E7FC5450-7347-34FC-B129-B11873B8367E}.Debug|Win32.ActiveCfg = Debug|Win32
		{E7FC5450-7347-34FC-B129-B11873B8367E}.Debug|Win32.Build.0 = Debug|Win32
		{E7FC5450-7347-34FC-B129-B11873B8367E}.Release|Win32.ActiveCfg = Release|Win32
		{E7FC5450-7347-34FC-B129-B11873B8367E}.Release|Win32.Build.0 = Release|Win32
		{E7FC5450-7347-34FC-B129-B11873B8367E}.MinSizeRel|Win32.ActiveCfg = MinSizeRel|Win32
		{E7FC5450-7347-34FC-B129-B11873B8367E}.MinSizeRel|Win32.Build.0 = MinSizeRel|Win32
		{E7FC5450-7347-34FC-B129-B11873B8367E}.RelWithDebInfo|Win32.ActiveCfg = RelWithDebInfo|Win32
		{E7FC5450-7347-34FC-B129-B11873B8367E}.RelWithDebInfo|Win32.Build.0 = RelWithDebInfo|Win32
		{88502245-6A39-3B62-84E7-3C5AC77063AA}.Debug|Win32.ActiveCfg = Debug|Win32
		{88502245-6A39-3B62-84E7-3C5AC77063AA}.Debug|Win32.Build.0 = Debug|Win32
		{88502245-6A39-3B62-84E7-3C5AC77063AA}.Release|Win32.ActiveCfg = Release|Win32
		{88502245-6A39-3B62-84E7-3C5AC77063AA}.Release|Win32.Build.0 = Release|Win32
		{88502245-6A39-3B62-84E7-3C5AC77063AA}.MinSizeRel|Win32.ActiveCfg = MinSizeRel|Win32
		{88502245-6A39-3B62-84E7-3C5AC77063AA}.MinSizeRel|Win32.Build.0 = MinSizeRel|Win32
		{88502245-6A39-3B62-84E7-3C5AC77063AA}.RelWithDebInfo|Win32.ActiveCfg = RelWithDebInfo|Win32
		{88502245-6A39-3B62-84E7-3C5AC77063AA}.RelWithDebInfo|Win32.Build.0 = RelWithDebInfo|Win32
		{CA43C11C-C6EC-367E-9789-557F04F6209B}.Debug|Win32.ActiveCfg = Debug|Win32
		{CA43C11C-C6EC-367E-9789-557F04F6209B}.Debug|Win32.Build.0 = Debug|Win32
		{CA43C11C-C6EC-367E-9789-557F04F6209B}.Release|Win32.ActiveCfg = Release|Win32
		{CA43C11C-C6EC-367E-9789-557F04F6209B}.Release|Win32.Build.0 = Release|Win32
		{CA43C11C-C6EC-367E-9789-557F04F6209B}.MinSizeRel|Win32.ActiveCfg = MinSizeRel|Win32
		{CA43C11C-C6EC-367E-9789-557F04F6209B}.MinSizeRel|Win32.Build.0 = MinSizeRel|Win32
		{CA43C11C-C6EC-367E-9789-557F04F6209B}.RelWithDebInfo|Win32.ActiveCfg = RelWithDebInfo|Win32
		{CA43C11C-C6EC-367E-9789-557F04F6209B}.RelWithDebInfo|Win32.Build.0 = RelWithDebInfo|Win32
	EndGlobalSection
	GlobalSection(ExtensibilityGlobals) = postSolution
		SolutionGuid = {3111D41D-D630-3EEB-91A9-CCAE147DD94A}
	EndGlobalSection
	GlobalSection(ExtensibilityAddIns) = postSolution
	EndGlobalSection
EndGlobal
