<?xml version="1.0" encoding="utf-8"?>
<Project ToolsVersion="17.0" xmlns="http://schemas.microsoft.com/developer/msbuild/2003">
  <ItemGroup>
    <ClCompile Include="E:\Desktop\overlay\src\input_hook\dllmain.cpp">
      <Filter>Source Files</Filter>
    </ClCompile>
  </ItemGroup>
  <ItemGroup>
    <ClInclude Include="E:\Desktop\overlay\src\common\InputShared.h">
      <Filter>Header Files</Filter>
    </ClInclude>
    <ClInclude Include="E:\Desktop\overlay\src\common\AchievementShared.h">
      <Filter>Header Files</Filter>
    </ClInclude>
  </ItemGroup>
  <ItemGroup>
    <CustomBuild Include="E:\Desktop\overlay\CMakeLists.txt" />
  </ItemGroup>
  <ItemGroup>
    <Filter Include="Header Files">
      <UniqueIdentifier>{770C1EBF-532A-3CD6-83FD-050AFBE279A5}</UniqueIdentifier>
    </Filter>
    <Filter Include="Source Files">
      <UniqueIdentifier>{1D19D5F6-C9A0-3A6F-9280-EA46AAC17170}</UniqueIdentifier>
    </Filter>
  </ItemGroup>
</Project>
