
Microsoft Visual Studio Solution File, Format Version 12.00
# Visual Studio Version 17
Project("{8BC9CEB8-8B4A-11D0-8D11-00A0C91BC942}") = "ALL_BUILD", "ALL_BUILD.vcxproj", "{63DE1977-E839-3C02-8254-0EAAEA87AFDC}"
	ProjectSection(ProjectDependencies) = postProject
		{7BDD4B48-FCF0-3024-99B6-3EA69E07E77E} = {7BDD4B48-FCF0-3024-99B6-3EA69E07E77E}
		{946B13CF-5232-340F-A022-E3D2B8C112CF} = {946B13CF-5232-340F-A022-E3D2B8C112CF}
		{78AE7DCB-78DF-370D-A1FF-18B501A047D5} = {78AE7DCB-78DF-370D-A1FF-18B501A047D5}
		{1F284C7B-8ADA-3551-A1A5-99F3599A2362} = {1F284C7B-8ADA-3551-A1A5-99F3599A2362}
	EndProjectSection
EndProject
Project("{8BC9CEB8-8B4A-11D0-8D11-00A0C91BC942}") = "GameOverlayManager", "GameOverlayManager.vcxproj", "{7BDD4B48-FCF0-3024-99B6-3EA69E07E77E}"
	ProjectSection(ProjectDependencies) = postProject
		{1F284C7B-8ADA-3551-A1A5-99F3599A2362} = {1F284C7B-8ADA-3551-A1A5-99F3599A2362}
	EndProjectSection
EndProject
Project("{8BC9CEB8-8B4A-11D0-8D11-00A0C91BC942}") = "INSTALL", "INSTALL.vcxproj", "{2A56DEF5-9222-3E96-8986-A255EEF1233D}"
	ProjectSection(ProjectDependencies) = postProject
		{63DE1977-E839-3C02-8254-0EAAEA87AFDC} = {63DE1977-E839-3C02-8254-0EAAEA87AFDC}
		{1F284C7B-8ADA-3551-A1A5-99F3599A2362} = {1F284C7B-8ADA-3551-A1A5-99F3599A2362}
	EndProjectSection
EndProject
Project("{8BC9CEB8-8B4A-11D0-8D11-00A0C91BC942}") = "Overlay", "Overlay.vcxproj", "{946B13CF-5232-340F-A022-E3D2B8C112CF}"
	ProjectSection(ProjectDependencies) = postProject
		{1F284C7B-8ADA-3551-A1A5-99F3599A2362} = {1F284C7B-8ADA-3551-A1A5-99F3599A2362}
	EndProjectSection
EndProject
Project("{8BC9CEB8-8B4A-11D0-8D11-00A0C91BC942}") = "OverlayInputHook", "OverlayInputHook.vcxproj", "{78AE7DCB-78DF-370D-A1FF-18B501A047D5}"
	ProjectSection(ProjectDependencies) = postProject
		{1F284C7B-8ADA-3551-A1A5-99F3599A2362} = {1F284C7B-8ADA-3551-A1A5-99F3599A2362}
		{DAFEFF93-C85B-3BFD-974B-6BCE1FF3B332} = {DAFEFF93-C85B-3BFD-974B-6BCE1FF3B332}
	EndProjectSection
EndProject
Project("{8BC9CEB8-8B4A-11D0-8D11-00A0C91BC942}") = "ZERO_CHECK", "ZERO_CHECK.vcxproj", "{1F284C7B-8ADA-3551-A1A5-99F3599A2362}"
	ProjectSection(ProjectDependencies) = postProject
	EndProjectSection
EndProject
Project("{8BC9CEB8-8B4A-11D0-8D11-00A0C91BC942}") = "minhook", "third_party\minhook\minhook.vcxproj", "{DAFEFF93-C85B-3BFD-974B-6BCE1FF3B332}"
	ProjectSection(ProjectDependencies) = postProject
		{1F284C7B-8ADA-3551-A1A5-99F3599A2362} = {1F284C7B-8ADA-3551-A1A5-99F3599A2362}
	EndProjectSection
EndProject
Global
	GlobalSection(SolutionConfigurationPlatforms) = preSolution
		Debug|x64 = Debug|x64
		Release|x64 = Release|x64
		MinSizeRel|x64 = MinSizeRel|x64
		RelWithDebInfo|x64 = RelWithDebInfo|x64
	EndGlobalSection
	GlobalSection(ProjectConfigurationPlatforms) = postSolution
		{63DE1977-E839-3C02-8254-0EAAEA87AFDC}.Debug|x64.ActiveCfg = Debug|x64
		{63DE1977-E839-3C02-8254-0EAAEA87AFDC}.Debug|x64.Build.0 = Debug|x64
		{63DE1977-E839-3C02-8254-0EAAEA87AFDC}.Release|x64.ActiveCfg = Release|x64
		{63DE1977-E839-3C02-8254-0EAAEA87AFDC}.Release|x64.Build.0 = Release|x64
		{63DE1977-E839-3C02-8254-0EAAEA87AFDC}.MinSizeRel|x64.ActiveCfg = MinSizeRel|x64
		{63DE1977-E839-3C02-8254-0EAAEA87AFDC}.MinSizeRel|x64.Build.0 = MinSizeRel|x64
		{63DE1977-E839-3C02-8254-0EAAEA87AFDC}.RelWithDebInfo|x64.ActiveCfg = RelWithDebInfo|x64
		{63DE1977-E839-3C02-8254-0EAAEA87AFDC}.RelWithDebInfo|x64.Build.0 = RelWithDebInfo|x64
		{7BDD4B48-FCF0-3024-99B6-3EA69E07E77E}.Debug|x64.ActiveCfg = Debug|x64
		{7BDD4B48-FCF0-3024-99B6-3EA69E07E77E}.Debug|x64.Build.0 = Debug|x64
		{7BDD4B48-FCF0-3024-99B6-3EA69E07E77E}.Release|x64.ActiveCfg = Release|x64
		{7BDD4B48-FCF0-3024-99B6-3EA69E07E77E}.Release|x64.Build.0 = Release|x64
		{7BDD4B48-FCF0-3024-99B6-3EA69E07E77E}.MinSizeRel|x64.ActiveCfg = MinSizeRel|x64
		{7BDD4B48-FCF0-3024-99B6-3EA69E07E77E}.MinSizeRel|x64.Build.0 = MinSizeRel|x64
		{7BDD4B48-FCF0-3024-99B6-3EA69E07E77E}.RelWithDebInfo|x64.ActiveCfg = RelWithDebInfo|x64
		{7BDD4B48-FCF0-3024-99B6-3EA69E07E77E}.RelWithDebInfo|x64.Build.0 = RelWithDebInfo|x64
		{2A56DEF5-9222-3E96-8986-A255EEF1233D}.Debug|x64.ActiveCfg = Debug|x64
		{2A56DEF5-9222-3E96-8986-A255EEF1233D}.Release|x64.ActiveCfg = Release|x64
		{2A56DEF5-9222-3E96-8986-A255EEF1233D}.MinSizeRel|x64.ActiveCfg = MinSizeRel|x64
		{2A56DEF5-9222-3E96-8986-A255EEF1233D}.RelWithDebInfo|x64.ActiveCfg = RelWithDebInfo|x64
		{946B13CF-5232-340F-A022-E3D2B8C112CF}.Debug|x64.ActiveCfg = Debug|x64
		{946B13CF-5232-340F-A022-E3D2B8C112CF}.Debug|x64.Build.0 = Debug|x64
		{946B13CF-5232-340F-A022-E3D2B8C112CF}.Release|x64.ActiveCfg = Release|x64
		{946B13CF-5232-340F-A022-E3D2B8C112CF}.Release|x64.Build.0 = Release|x64
		{946B13CF-5232-340F-A022-E3D2B8C112CF}.MinSizeRel|x64.ActiveCfg = MinSizeRel|x64
		{946B13CF-5232-340F-A022-E3D2B8C112CF}.MinSizeRel|x64.Build.0 = MinSizeRel|x64
		{946B13CF-5232-340F-A022-E3D2B8C112CF}.RelWithDebInfo|x64.ActiveCfg = RelWithDebInfo|x64
		{946B13CF-5232-340F-A022-E3D2B8C112CF}.RelWithDebInfo|x64.Build.0 = RelWithDebInfo|x64
		{78AE7DCB-78DF-370D-A1FF-18B501A047D5}.Debug|x64.ActiveCfg = Debug|x64
		{78AE7DCB-78DF-370D-A1FF-18B501A047D5}.Debug|x64.Build.0 = Debug|x64
		{78AE7DCB-78DF-370D-A1FF-18B501A047D5}.Release|x64.ActiveCfg = Release|x64
		{78AE7DCB-78DF-370D-A1FF-18B501A047D5}.Release|x64.Build.0 = Release|x64
		{78AE7DCB-78DF-370D-A1FF-18B501A047D5}.MinSizeRel|x64.ActiveCfg = MinSizeRel|x64
		{78AE7DCB-78DF-370D-A1FF-18B501A047D5}.MinSizeRel|x64.Build.0 = MinSizeRel|x64
		{78AE7DCB-78DF-370D-A1FF-18B501A047D5}.RelWithDebInfo|x64.ActiveCfg = RelWithDebInfo|x64
		{78AE7DCB-78DF-370D-A1FF-18B501A047D5}.RelWithDebInfo|x64.Build.0 = RelWithDebInfo|x64
		{1F284C7B-8ADA-3551-A1A5-99F3599A2362}.Debug|x64.ActiveCfg = Debug|x64
		{1F284C7B-8ADA-3551-A1A5-99F3599A2362}.Debug|x64.Build.0 = Debug|x64
		{1F284C7B-8ADA-3551-A1A5-99F3599A2362}.Release|x64.ActiveCfg = Release|x64
		{1F284C7B-8ADA-3551-A1A5-99F3599A2362}.Release|x64.Build.0 = Release|x64
		{1F284C7B-8ADA-3551-A1A5-99F3599A2362}.MinSizeRel|x64.ActiveCfg = MinSizeRel|x64
		{1F284C7B-8ADA-3551-A1A5-99F3599A2362}.MinSizeRel|x64.Build.0 = MinSizeRel|x64
		{1F284C7B-8ADA-3551-A1A5-99F3599A2362}.RelWithDebInfo|x64.ActiveCfg = RelWithDebInfo|x64
		{1F284C7B-8ADA-3551-A1A5-99F3599A2362}.RelWithDebInfo|x64.Build.0 = RelWithDebInfo|x64
		{DAFEFF93-C85B-3BFD-974B-6BCE1FF3B332}.Debug|x64.ActiveCfg = Debug|x64
		{DAFEFF93-C85B-3BFD-974B-6BCE1FF3B332}.Debug|x64.Build.0 = Debug|x64
		{DAFEFF93-C85B-3BFD-974B-6BCE1FF3B332}.Release|x64.ActiveCfg = Release|x64
		{DAFEFF93-C85B-3BFD-974B-6BCE1FF3B332}.Release|x64.Build.0 = Release|x64
		{DAFEFF93-C85B-3BFD-974B-6BCE1FF3B332}.MinSizeRel|x64.ActiveCfg = MinSizeRel|x64
		{DAFEFF93-C85B-3BFD-974B-6BCE1FF3B332}.MinSizeRel|x64.Build.0 = MinSizeRel|x64
		{DAFEFF93-C85B-3BFD-974B-6BCE1FF3B332}.RelWithDebInfo|x64.ActiveCfg = RelWithDebInfo|x64
		{DAFEFF93-C85B-3BFD-974B-6BCE1FF3B332}.RelWithDebInfo|x64.Build.0 = RelWithDebInfo|x64
	EndGlobalSection
	GlobalSection(ExtensibilityGlobals) = postSolution
		SolutionGuid = {99BFFB81-A9FA-3DE7-A367-1EA2B4B5B2DA}
	EndGlobalSection
	GlobalSection(ExtensibilityAddIns) = postSolution
	EndGlobalSection
EndGlobal
