<?xml version="1.0" encoding="utf-8"?>
<Project ToolsVersion="17.0" xmlns="http://schemas.microsoft.com/developer/msbuild/2003">
  <ItemGroup>
    <CustomBuild Include="E:\Desktop\overlay\build-keyfix\CMakeFiles\7eef48bb2a9ce928126bea06667edcff\generate.stamp.rule">
      <Filter>CMake Rules</Filter>
    </CustomBuild>
  </ItemGroup>
  <ItemGroup>
    <Filter Include="CMake Rules">
      <UniqueIdentifier>{6716C10F-FC54-3D9C-BA92-7933AAC2D3F7}</UniqueIdentifier>
    </Filter>
  </ItemGroup>
</Project>
