<?xml version="1.0" encoding="utf-8"?>
<Project ToolsVersion="17.0" xmlns="http://schemas.microsoft.com/developer/msbuild/2003">
  <ItemGroup>
    <CustomBuild Include="E:\Desktop\overlay\build-confirm-corners\CMakeFiles\a182fb88ecdbed3049ad3e6431a35180\INSTALL_force.rule">
      <Filter>CMake Rules</Filter>
    </CustomBuild>
  </ItemGroup>
  <ItemGroup>
    <Filter Include="CMake Rules">
      <UniqueIdentifier>{AC955D04-E0AD-3369-93D1-2D22F18E266D}</UniqueIdentifier>
    </Filter>
  </ItemGroup>
</Project>
