
Microsoft Visual Studio Solution File, Format Version 12.00
# Visual Studio Version 17
Project("{8BC9CEB8-8B4A-11D0-8D11-00A0C91BC942}") = "ALL_BUILD", "ALL_BUILD.vcxproj", "{3C456211-6698-39EC-AB24-A3E6EFB6714B}"
	ProjectSection(ProjectDependencies) = postProject
		{86DCEEA4-6F80-3DE2-821B-DAEED43F8353} = {86DCEEA4-6F80-3DE2-821B-DAEED43F8353}
		{BB268777-E2A2-3C80-A635-66F60BC572D0} = {BB268777-E2A2-3C80-A635-66F60BC572D0}
		{6945AB74-71BB-35A4-BC7B-7941767E1ACE} = {6945AB74-71BB-35A4-BC7B-7941767E1ACE}
	EndProjectSection
EndProject
Project("{8BC9CEB8-8B4A-11D0-8D11-00A0C91BC942}") = "GameOverlayManager", "GameOverlayManager.vcxproj", "{86DCEEA4-6F80-3DE2-821B-DAEED43F8353}"
	ProjectSection(ProjectDependencies) = postProject
		{6945AB74-71BB-35A4-BC7B-7941767E1ACE} = {6945AB74-71BB-35A4-BC7B-7941767E1ACE}
	EndProjectSection
EndProject
Project("{8BC9CEB8-8B4A-11D0-8D11-00A0C91BC942}") = "Overlay", "Overlay.vcxproj", "{BB268777-E2A2-3C80-A635-66F60BC572D0}"
	ProjectSection(ProjectDependencies) = postProject
		{6945AB74-71BB-35A4-BC7B-7941767E1ACE} = {6945AB74-71BB-35A4-BC7B-7941767E1ACE}
	EndProjectSection
EndProject
Project("{8BC9CEB8-8B4A-11D0-8D11-00A0C91BC942}") = "ZERO_CHECK", "ZERO_CHECK.vcxproj", "{6945AB74-71BB-35A4-BC7B-7941767E1ACE}"
	ProjectSection(ProjectDependencies) = postProject
	EndProjectSection
EndProject
Global
	GlobalSection(SolutionConfigurationPlatforms) = preSolution
		Debug|x64 = Debug|x64
		Release|x64 = Release|x64
		MinSizeRel|x64 = MinSizeRel|x64
		RelWithDebInfo|x64 = RelWithDebInfo|x64
	EndGlobalSection
	GlobalSection(ProjectConfigurationPlatforms) = postSolution
		{3C456211-6698-39EC-AB24-A3E6EFB6714B}.Debug|x64.ActiveCfg = Debug|x64
		{3C456211-6698-39EC-AB24-A3E6EFB6714B}.Release|x64.ActiveCfg = Release|x64
		{3C456211-6698-39EC-AB24-A3E6EFB6714B}.MinSizeRel|x64.ActiveCfg = MinSizeRel|x64
		{3C456211-6698-39EC-AB24-A3E6EFB6714B}.RelWithDebInfo|x64.ActiveCfg = RelWithDebInfo|x64
		{86DCEEA4-6F80-3DE2-821B-DAEED43F8353}.Debug|x64.ActiveCfg = Debug|x64
		{86DCEEA4-6F80-3DE2-821B-DAEED43F8353}.Debug|x64.Build.0 = Debug|x64
		{86DCEEA4-6F80-3DE2-821B-DAEED43F8353}.Release|x64.ActiveCfg = Release|x64
		{86DCEEA4-6F80-3DE2-821B-DAEED43F8353}.Release|x64.Build.0 = Release|x64
		{86DCEEA4-6F80-3DE2-821B-DAEED43F8353}.MinSizeRel|x64.ActiveCfg = MinSizeRel|x64
		{86DCEEA4-6F80-3DE2-821B-DAEED43F8353}.MinSizeRel|x64.Build.0 = MinSizeRel|x64
		{86DCEEA4-6F80-3DE2-821B-DAEED43F8353}.RelWithDebInfo|x64.ActiveCfg = RelWithDebInfo|x64
		{86DCEEA4-6F80-3DE2-821B-DAEED43F8353}.RelWithDebInfo|x64.Build.0 = RelWithDebInfo|x64
		{BB268777-E2A2-3C80-A635-66F60BC572D0}.Debug|x64.ActiveCfg = Debug|x64
		{BB268777-E2A2-3C80-A635-66F60BC572D0}.Debug|x64.Build.0 = Debug|x64
		{BB268777-E2A2-3C80-A635-66F60BC572D0}.Release|x64.ActiveCfg = Release|x64
		{BB268777-E2A2-3C80-A635-66F60BC572D0}.Release|x64.Build.0 = Release|x64
		{BB268777-E2A2-3C80-A635-66F60BC572D0}.MinSizeRel|x64.ActiveCfg = MinSizeRel|x64
		{BB268777-E2A2-3C80-A635-66F60BC572D0}.MinSizeRel|x64.Build.0 = MinSizeRel|x64
		{BB268777-E2A2-3C80-A635-66F60BC572D0}.RelWithDebInfo|x64.ActiveCfg = RelWithDebInfo|x64
		{BB268777-E2A2-3C80-A635-66F60BC572D0}.RelWithDebInfo|x64.Build.0 = RelWithDebInfo|x64
		{6945AB74-71BB-35A4-BC7B-7941767E1ACE}.Debug|x64.ActiveCfg = Debug|x64
		{6945AB74-71BB-35A4-BC7B-7941767E1ACE}.Debug|x64.Build.0 = Debug|x64
		{6945AB74-71BB-35A4-BC7B-7941767E1ACE}.Release|x64.ActiveCfg = Release|x64
		{6945AB74-71BB-35A4-BC7B-7941767E1ACE}.Release|x64.Build.0 = Release|x64
		{6945AB74-71BB-35A4-BC7B-7941767E1ACE}.MinSizeRel|x64.ActiveCfg = MinSizeRel|x64
		{6945AB74-71BB-35A4-BC7B-7941767E1ACE}.MinSizeRel|x64.Build.0 = MinSizeRel|x64
		{6945AB74-71BB-35A4-BC7B-7941767E1ACE}.RelWithDebInfo|x64.ActiveCfg = RelWithDebInfo|x64
		{6945AB74-71BB-35A4-BC7B-7941767E1ACE}.RelWithDebInfo|x64.Build.0 = RelWithDebInfo|x64
	EndGlobalSection
	GlobalSection(ExtensibilityGlobals) = postSolution
		SolutionGuid = {3F9F11F8-C9F2-3BD0-90F1-9FE25C18A224}
	EndGlobalSection
	GlobalSection(ExtensibilityAddIns) = postSolution
	EndGlobalSection
EndGlobal
