<?xml version="1.0" encoding="utf-8"?>
<Project ToolsVersion="17.0" xmlns="http://schemas.microsoft.com/developer/msbuild/2003">
  <ItemGroup>
    <CustomBuild Include="E:\Desktop\overlay\build-button-legend\CMakeFiles\f24d87056754a64ffa5686432100f296\generate.stamp.rule">
      <Filter>CMake Rules</Filter>
    </CustomBuild>
  </ItemGroup>
  <ItemGroup>
    <Filter Include="CMake Rules">
      <UniqueIdentifier>{17784912-B53F-39E0-83C0-BC2D3D2FEED4}</UniqueIdentifier>
    </Filter>
  </ItemGroup>
</Project>
